// !$*UTF8*$!
{
	archiveVersion = 1;
	classes = {
	};
	objectVersion = 46;
	objects = {

/* Begin PBXBuildFile section */
		24BCF98EC3C4530A198645BB /* Pods.framework in Frameworks */ = {isa = PBXBuildFile; fileRef = 443F81DE5F3B24A59AC04CE6 /* Pods.framework */; };
		35E42E051BCD288100D1D93B /* AppDelegate.swift in Sources */ = {isa = PBXBuildFile; fileRef = 35E42E041BCD288100D1D93B /* AppDelegate.swift */; };
		35E42E071BCD288100D1D93B /* ViewController.swift in Sources */ = {isa = PBXBuildFile; fileRef = 35E42E061BCD288100D1D93B /* ViewController.swift */; };
		35E42E0A1BCD288100D1D93B /* Main.storyboard in Resources */ = {isa = PBXBuildFile; fileRef = 35E42E081BCD288100D1D93B /* Main.storyboard */; };
		35E42E0C1BCD288100D1D93B /* Assets.xcassets in Resources */ = {isa = PBXBuildFile; fileRef = 35E42E0B1BCD288100D1D93B /* Assets.xcassets */; };
		35E42E0F1BCD288100D1D93B /* LaunchScreen.storyboard in Resources */ = {isa = PBXBuildFile; fileRef = 35E42E0D1BCD288100D1D93B /* LaunchScreen.storyboard */; };
		35E42E1A1BCD288100D1D93B /* testHTTPTests.swift in Sources */ = {isa = PBXBuildFile; fileRef = 35E42E191BCD288100D1D93B /* testHTTPTests.swift */; };
		35E42E251BCD288100D1D93B /* testHTTPUITests.swift in Sources */ = {isa = PBXBuildFile; fileRef = 35E42E241BCD288100D1D93B /* testHTTPUITests.swift */; };
/* End PBXBuildFile section */

/* Begin PBXContainerItemProxy section */
		35E42E161BCD288100D1D93B /* PBXContainerItemProxy */ = {
			isa = PBXContainerItemProxy;
			containerPortal = 35E42DF91BCD288100D1D93B /* Project object */;
			proxyType = 1;
			remoteGlobalIDString = 35E42E001BCD288100D1D93B;
			remoteInfo = testHTTP;
		};
		35E42E211BCD288100D1D93B /* PBXContainerItemProxy */ = {
			isa = PBXContainerItemProxy;
			containerPortal = 35E42DF91BCD288100D1D93B /* Project object */;
			proxyType = 1;
			remoteGlobalIDString = 35E42E001BCD288100D1D93B;
			remoteInfo = testHTTP;
		};
/* End PBXContainerItemProxy section */

/* Begin PBXFileReference section */
		1D478A7876AB77AE39271F2A /* Pods.debug.xcconfig */ = {isa = PBXFileReference; includeInIndex = 1; lastKnownFileType = text.xcconfig; name = Pods.debug.xcconfig; path = "Pods/Target Support Files/Pods/Pods.debug.xcconfig"; sourceTree = "<group>"; };
		35E42E011BCD288100D1D93B /* testHTTP.app */ = {isa = PBXFileReference; explicitFileType = wrapper.application; includeInIndex = 0; path = testHTTP.app; sourceTree = BUILT_PRODUCTS_DIR; };
		35E42E041BCD288100D1D93B /* AppDelegate.swift */ = {isa = PBXFileReference; lastKnownFileType = sourcecode.swift; path = AppDelegate.swift; sourceTree = "<group>"; };
		35E42E061BCD288100D1D93B /* ViewController.swift */ = {isa = PBXFileReference; lastKnownFileType = sourcecode.swift; path = ViewController.swift; sourceTree = "<group>"; };
		35E42E091BCD288100D1D93B /* Base */ = {isa = PBXFileReference; lastKnownFileType = file.storyboard; name = Base; path = Base.lproj/Main.storyboard; sourceTree = "<group>"; };
		35E42E0B1BCD288100D1D93B /* Assets.xcassets */ = {isa = PBXFileReference; lastKnownFileType = folder.assetcatalog; path = Assets.xcassets; sourceTree = "<group>"; };
		35E42E0E1BCD288100D1D93B /* Base */ = {isa = PBXFileReference; lastKnownFileType = file.storyboard; name = Base; path = Base.lproj/LaunchScreen.storyboard; sourceTree = "<group>"; };
		35E42E101BCD288100D1D93B /* Info.plist */ = {isa = PBXFileReference; lastKnownFileType = text.plist.xml; path = Info.plist; sourceTree = "<group>"; };
		35E42E151BCD288100D1D93B /* testHTTPTests.xctest */ = {isa = PBXFileReference; explicitFileType = wrapper.cfbundle; includeInIndex = 0; path = testHTTPTests.xctest; sourceTree = BUILT_PRODUCTS_DIR; };
		35E42E191BCD288100D1D93B /* testHTTPTests.swift */ = {isa = PBXFileReference; lastKnownFileType = sourcecode.swift; path = testHTTPTests.swift; sourceTree = "<group>"; };
		35E42E1B1BCD288100D1D93B /* Info.plist */ = {isa = PBXFileReference; lastKnownFileType = text.plist.xml; path = Info.plist; sourceTree = "<group>"; };
		35E42E201BCD288100D1D93B /* testHTTPUITests.xctest */ = {isa = PBXFileReference; explicitFileType = wrapper.cfbundle; includeInIndex = 0; path = testHTTPUITests.xctest; sourceTree = BUILT_PRODUCTS_DIR; };
		35E42E241BCD288100D1D93B /* testHTTPUITests.swift */ = {isa = PBXFileReference; lastKnownFileType = sourcecode.swift; path = testHTTPUITests.swift; sourceTree = "<group>"; };
		35E42E261BCD288100D1D93B /* Info.plist */ = {isa = PBXFileReference; lastKnownFileType = text.plist.xml; path = Info.plist; sourceTree = "<group>"; };
		443F81DE5F3B24A59AC04CE6 /* Pods.framework */ = {isa = PBXFileReference; explicitFileType = wrapper.framework; includeInIndex = 0; path = Pods.framework; sourceTree = BUILT_PRODUCTS_DIR; };
		813FFF01C7405AE34985E5D1 /* Pods.release.xcconfig */ = {isa = PBXFileReference; includeInIndex = 1; lastKnownFileType = text.xcconfig; name = Pods.release.xcconfig; path = "Pods/Target Support Files/Pods/Pods.release.xcconfig"; sourceTree = "<group>"; };
/* End PBXFileReference section */

/* Begin PBXFrameworksBuildPhase section */
		35E42DFE1BCD288100D1D93B /* Frameworks */ = {
			isa = PBXFrameworksBuildPhase;
			buildActionMask = 2147483647;
			files = (
				24BCF98EC3C4530A198645BB /* Pods.framework in Frameworks */,
			);
			runOnlyForDeploymentPostprocessing = 0;
		};
		35E42E121BCD288100D1D93B /* Frameworks */ = {
			isa = PBXFrameworksBuildPhase;
			buildActionMask = 2147483647;
			files = (
			);
			runOnlyForDeploymentPostprocessing = 0;
		};
		35E42E1D1BCD288100D1D93B /* Frameworks */ = {
			isa = PBXFrameworksBuildPhase;
			buildActionMask = 2147483647;
			files = (
			);
			runOnlyForDeploymentPostprocessing = 0;
		};
/* End PBXFrameworksBuildPhase section */

/* Begin PBXGroup section */
		35E42DF81BCD288100D1D93B = {
			isa = PBXGroup;
			children = (
				35E42E031BCD288100D1D93B /* testHTTP */,
				35E42E181BCD288100D1D93B /* testHTTPTests */,
				35E42E231BCD288100D1D93B /* testHTTPUITests */,
				35E42E021BCD288100D1D93B /* Products */,
				F54F11B63F613BE04A1119B7 /* Pods */,
				F1AB4CA5AB6583FA92CC9AF8 /* Frameworks */,
			);
			sourceTree = "<group>";
		};
		35E42E021BCD288100D1D93B /* Products */ = {
			isa = PBXGroup;
			children = (
				35E42E011BCD288100D1D93B /* testHTTP.app */,
				35E42E151BCD288100D1D93B /* testHTTPTests.xctest */,
				35E42E201BCD288100D1D93B /* testHTTPUITests.xctest */,
			);
			name = Products;
			sourceTree = "<group>";
		};
		35E42E031BCD288100D1D93B /* testHTTP */ = {
			isa = PBXGroup;
			children = (
				35E42E041BCD288100D1D93B /* AppDelegate.swift */,
				35E42E061BCD288100D1D93B /* ViewController.swift */,
				35E42E081BCD288100D1D93B /* Main.storyboard */,
				35E42E0B1BCD288100D1D93B /* Assets.xcassets */,
				35E42E0D1BCD288100D1D93B /* LaunchScreen.storyboard */,
				35E42E101BCD288100D1D93B /* Info.plist */,
			);
			path = testHTTP;
			sourceTree = "<group>";
		};
		35E42E181BCD288100D1D93B /* testHTTPTests */ = {
			isa = PBXGroup;
			children = (
				35E42E191BCD288100D1D93B /* testHTTPTests.swift */,
				35E42E1B1BCD288100D1D93B /* Info.plist */,
			);
			path = testHTTPTests;
			sourceTree = "<group>";
		};
		35E42E231BCD288100D1D93B /* testHTTPUITests */ = {
			isa = PBXGroup;
			children = (
				35E42E241BCD288100D1D93B /* testHTTPUITests.swift */,
				35E42E261BCD288100D1D93B /* Info.plist */,
			);
			path = testHTTPUITests;
			sourceTree = "<group>";
		};
		F1AB4CA5AB6583FA92CC9AF8 /* Frameworks */ = {
			isa = PBXGroup;
			children = (
				443F81DE5F3B24A59AC04CE6 /* Pods.framework */,
			);
			name = Frameworks;
			sourceTree = "<group>";
		};
		F54F11B63F613BE04A1119B7 /* Pods */ = {
			isa = PBXGroup;
			children = (
				1D478A7876AB77AE39271F2A /* Pods.debug.xcconfig */,
				813FFF01C7405AE34985E5D1 /* Pods.release.xcconfig */,
			);
			name = Pods;
			sourceTree = "<group>";
		};
/* End PBXGroup section */

/* Begin PBXNativeTarget section */
		35E42E001BCD288100D1D93B /* testHTTP */ = {
			isa = PBXNativeTarget;
			buildConfigurationList = 35E42E291BCD288100D1D93B /* Build configuration list for PBXNativeTarget "testHTTP" */;
			buildPhases = (
				B973BF8D2C95150090BF82A4 /* Check Pods Manifest.lock */,
				35E42DFD1BCD288100D1D93B /* Sources */,
				35E42DFE1BCD288100D1D93B /* Frameworks */,
				35E42DFF1BCD288100D1D93B /* Resources */,
				FED8817E1D4A4EEA37CC768B /* Embed Pods Frameworks */,
				FDF248DAA958E87BA532C55A /* Copy Pods Resources */,
			);
			buildRules = (
			);
			dependencies = (
			);
			name = testHTTP;
			productName = testHTTP;
			productReference = 35E42E011BCD288100D1D93B /* testHTTP.app */;
			productType = "com.apple.product-type.application";
		};
		35E42E141BCD288100D1D93B /* testHTTPTests */ = {
			isa = PBXNativeTarget;
			buildConfigurationList = 35E42E2C1BCD288100D1D93B /* Build configuration list for PBXNativeTarget "testHTTPTests" */;
			buildPhases = (
				35E42E111BCD288100D1D93B /* Sources */,
				35E42E121BCD288100D1D93B /* Frameworks */,
				35E42E131BCD288100D1D93B /* Resources */,
			);
			buildRules = (
			);
			dependencies = (
				35E42E171BCD288100D1D93B /* PBXTargetDependency */,
			);
			name = testHTTPTests;
			productName = testHTTPTests;
			productReference = 35E42E151BCD288100D1D93B /* testHTTPTests.xctest */;
			productType = "com.apple.product-type.bundle.unit-test";
		};
		35E42E1F1BCD288100D1D93B /* testHTTPUITests */ = {
			isa = PBXNativeTarget;
			buildConfigurationList = 35E42E2F1BCD288100D1D93B /* Build configuration list for PBXNativeTarget "testHTTPUITests" */;
			buildPhases = (
				35E42E1C1BCD288100D1D93B /* Sources */,
				35E42E1D1BCD288100D1D93B /* Frameworks */,
				35E42E1E1BCD288100D1D93B /* Resources */,
			);
			buildRules = (
			);
			dependencies = (
				35E42E221BCD288100D1D93B /* PBXTargetDependency */,
			);
			name = testHTTPUITests;
			productName = testHTTPUITests;
			productReference = 35E42E201BCD288100D1D93B /* testHTTPUITests.xctest */;
			productType = "com.apple.product-type.bundle.ui-testing";
		};
/* End PBXNativeTarget section */

/* Begin PBXProject section */
		35E42DF91BCD288100D1D93B /* Project object */ = {
			isa = PBXProject;
			attributes = {
				LastUpgradeCheck = 0700;
				ORGANIZATIONNAME = "赵磊";
				TargetAttributes = {
					35E42E001BCD288100D1D93B = {
						CreatedOnToolsVersion = 7.0.1;
						DevelopmentTeam = TV6QKK88A3;
					};
					35E42E141BCD288100D1D93B = {
						CreatedOnToolsVersion = 7.0.1;
						DevelopmentTeam = TV6QKK88A3;
						TestTargetID = 35E42E001BCD288100D1D93B;
					};
					35E42E1F1BCD288100D1D93B = {
						CreatedOnToolsVersion = 7.0.1;
						DevelopmentTeam = TV6QKK88A3;
						TestTargetID = 35E42E001BCD288100D1D93B;
					};
				};
			};
			buildConfigurationList = 35E42DFC1BCD288100D1D93B /* Build configuration list for PBXProject "testHTTP" */;
			compatibilityVersion = "Xcode 3.2";
			developmentRegion = English;
			hasScannedForEncodings = 0;
			knownRegions = (
				en,
				Base,
			);
			mainGroup = 35E42DF81BCD288100D1D93B;
			productRefGroup = 35E42E021BCD288100D1D93B /* Products */;
			projectDirPath = "";
			projectRoot = "";
			targets = (
				35E42E001BCD288100D1D93B /* testHTTP */,
				35E42E141BCD288100D1D93B /* testHTTPTests */,
				35E42E1F1BCD288100D1D93B /* testHTTPUITests */,
			);
		};
/* End PBXProject section */

/* Begin PBXResourcesBuildPhase section */
		35E42DFF1BCD288100D1D93B /* Resources */ = {
			isa = PBXResourcesBuildPhase;
			buildActionMask = 2147483647;
			files = (
				35E42E0F1BCD288100D1D93B /* LaunchScreen.storyboard in Resources */,
				35E42E0C1BCD288100D1D93B /* Assets.xcassets in Resources */,
				35E42E0A1BCD288100D1D93B /* Main.storyboard in Resources */,
			);
			runOnlyForDeploymentPostprocessing = 0;
		};
		35E42E131BCD288100D1D93B /* Resources */ = {
			isa = PBXResourcesBuildPhase;
			buildActionMask = 2147483647;
			files = (
			);
			runOnlyForDeploymentPostprocessing = 0;
		};
		35E42E1E1BCD288100D1D93B /* Resources */ = {
			isa = PBXResourcesBuildPhase;
			buildActionMask = 2147483647;
			files = (
			);
			runOnlyForDeploymentPostprocessing = 0;
		};
/* End PBXResourcesBuildPhase section */

/* Begin PBXShellScriptBuildPhase section */
		B973BF8D2C95150090BF82A4 /* Check Pods Manifest.lock */ = {
			isa = PBXShellScriptBuildPhase;
			buildActionMask = 2147483647;
			files = (
			);
			inputPaths = (
			);
			name = "Check Pods Manifest.lock";
			outputPaths = (
			);
			runOnlyForDeploymentPostprocessing = 0;
			shellPath = /bin/sh;
			shellScript = "diff \"${PODS_ROOT}/../Podfile.lock\" \"${PODS_ROOT}/Manifest.lock\" > /dev/null\nif [[ $? != 0 ]] ; then\n    cat << EOM\nerror: The sandbox is not in sync with the Podfile.lock. Run 'pod install' or update your CocoaPods installation.\nEOM\n    exit 1\nfi\n";
			showEnvVarsInLog = 0;
		};
		FDF248DAA958E87BA532C55A /* Copy Pods Resources */ = {
			isa = PBXShellScriptBuildPhase;
			buildActionMask = 2147483647;
			files = (
			);
			inputPaths = (
			);
			name = "Copy Pods Resources";
			outputPaths = (
			);
			runOnlyForDeploymentPostprocessing = 0;
			shellPath = /bin/sh;
			shellScript = "\"${SRCROOT}/Pods/Target Support Files/Pods/Pods-resources.sh\"\n";
			showEnvVarsInLog = 0;
		};
		FED8817E1D4A4EEA37CC768B /* Embed Pods Frameworks */ = {
			isa = PBXShellScriptBuildPhase;
			buildActionMask = 2147483647;
			files = (
			);
			inputPaths = (
			);
			name = "Embed Pods Frameworks";
			outputPaths = (
			);
			runOnlyForDeploymentPostprocessing = 0;
			shellPath = /bin/sh;
			shellScript = "\"${SRCROOT}/Pods/Target Support Files/Pods/Pods-frameworks.sh\"\n";
			showEnvVarsInLog = 0;
		};
/* End PBXShellScriptBuildPhase section */

/* Begin PBXSourcesBuildPhase section */
		35E42DFD1BCD288100D1D93B /* Sources */ = {
			isa = PBXSourcesBuildPhase;
			buildActionMask = 2147483647;
			files = (
				35E42E071BCD288100D1D93B /* ViewController.swift in Sources */,
				35E42E051BCD288100D1D93B /* AppDelegate.swift in Sources */,
			);
			runOnlyForDeploymentPostprocessing = 0;
		};
		35E42E111BCD288100D1D93B /* Sources */ = {
			isa = PBXSourcesBuildPhase;
			buildActionMask = 2147483647;
			files = (
				35E42E1A1BCD288100D1D93B /* testHTTPTests.swift in Sources */,
			);
			runOnlyForDeploymentPostprocessing = 0;
		};
		35E42E1C1BCD288100D1D93B /* Sources */ = {
			isa = PBXSourcesBuildPhase;
			buildActionMask = 2147483647;
			files = (
				35E42E251BCD288100D1D93B /* testHTTPUITests.swift in Sources */,
			);
			runOnlyForDeploymentPostprocessing = 0;
		};
/* End PBXSourcesBuildPhase section */

/* Begin PBXTargetDependency section */
		35E42E171BCD288100D1D93B /* PBXTargetDependency */ = {
			isa = PBXTargetDependency;
			target = 35E42E001BCD288100D1D93B /* testHTTP */;
			targetProxy = 35E42E161BCD288100D1D93B /* PBXContainerItemProxy */;
		};
		35E42E221BCD288100D1D93B /* PBXTargetDependency */ = {
			isa = PBXTargetDependency;
			target = 35E42E001BCD288100D1D93B /* testHTTP */;
			targetProxy = 35E42E211BCD288100D1D93B /* PBXContainerItemProxy */;
		};
/* End PBXTargetDependency section */

/* Begin PBXVariantGroup section */
		35E42E081BCD288100D1D93B /* Main.storyboard */ = {
			isa = PBXVariantGroup;
			children = (
				35E42E091BCD288100D1D93B /* Base */,
			);
			name = Main.storyboard;
			sourceTree = "<group>";
		};
		35E42E0D1BCD288100D1D93B /* LaunchScreen.storyboard */ = {
			isa = PBXVariantGroup;
			children = (
				35E42E0E1BCD288100D1D93B /* Base */,
			);
			name = LaunchScreen.storyboard;
			sourceTree = "<group>";
		};
/* End PBXVariantGroup section */

/* Begin XCBuildConfiguration section */
		35E42E271BCD288100D1D93B /* Debug */ = {
			isa = XCBuildConfiguration;
			buildSettings = {
				ALWAYS_SEARCH_USER_PATHS = NO;
				CLANG_CXX_LANGUAGE_STANDARD = "gnu++0x";
				CLANG_CXX_LIBRARY = "libc++";
				CLANG_ENABLE_MODULES = YES;
				CLANG_ENABLE_OBJC_ARC = YES;
				CLANG_WARN_BOOL_CONVERSION = YES;
				CLANG_WARN_CONSTANT_CONVERSION = YES;
				CLANG_WARN_DIRECT_OBJC_ISA_USAGE = YES_ERROR;
				CLANG_WARN_EMPTY_BODY = YES;
				CLANG_WARN_ENUM_CONVERSION = YES;
				CLANG_WARN_INT_CONVERSION = YES;
				CLANG_WARN_OBJC_ROOT_CLASS = YES_ERROR;
				CLANG_WARN_UNREACHABLE_CODE = YES;
				CLANG_WARN__DUPLICATE_METHOD_MATCH = YES;
				"CODE_SIGN_IDENTITY[sdk=iphoneos*]" = "iPhone Developer";
				COPY_PHASE_STRIP = NO;
				DEBUG_INFORMATION_FORMAT = dwarf;
				ENABLE_STRICT_OBJC_MSGSEND = YES;
				ENABLE_TESTABILITY = YES;
				GCC_C_LANGUAGE_STANDARD = gnu99;
				GCC_DYNAMIC_NO_PIC = NO;
				GCC_NO_COMMON_BLOCKS = YES;
				GCC_OPTIMIZATION_LEVEL = 0;
				GCC_PREPROCESSOR_DEFINITIONS = (
					"DEBUG=1",
					"$(inherited)",
				);
				GCC_WARN_64_TO_32_BIT_CONVERSION = YES;
				GCC_WARN_ABOUT_RETURN_TYPE = YES_ERROR;
				GCC_WARN_UNDECLARED_SELECTOR = YES;
				GCC_WARN_UNINITIALIZED_AUTOS = YES_AGGRESSIVE;
				GCC_WARN_UNUSED_FUNCTION = YES;
				GCC_WARN_UNUSED_VARIABLE = YES;
				IPHONEOS_DEPLOYMENT_TARGET = 9.0;
				MTL_ENABLE_DEBUG_INFO = YES;
				ONLY_ACTIVE_ARCH = YES;
				SDKROOT = iphoneos;
				SWIFT_OPTIMIZATION_LEVEL = "-Onone";
			};
			name = Debug;
		};
		35E42E281BCD288100D1D93B /* Release */ = {
			isa = XCBuildConfiguration;
			buildSettings = {
				ALWAYS_SEARCH_USER_PATHS = NO;
				CLANG_CXX_LANGUAGE_STANDARD = "gnu++0x";
				CLANG_CXX_LIBRARY = "libc++";
				CLANG_ENABLE_MODULES = YES;
				CLANG_ENABLE_OBJC_ARC = YES;
				CLANG_WARN_BOOL_CONVERSION = YES;
				CLANG_WARN_CONSTANT_CONVERSION = YES;
				CLANG_WARN_DIRECT_OBJC_ISA_USAGE = YES_ERROR;
				CLANG_WARN_EMPTY_BODY = YES;
				CLANG_WARN_ENUM_CONVERSION = YES;
				CLANG_WARN_INT_CONVERSION = YES;
				CLANG_WARN_OBJC_ROOT_CLASS = YES_ERROR;
				CLANG_WARN_UNREACHABLE_CODE = YES;
				CLANG_WARN__DUPLICATE_METHOD_MATCH = YES;
				"CODE_SIGN_IDENTITY[sdk=iphoneos*]" = "iPhone Developer";
				COPY_PHASE_STRIP = NO;
				DEBUG_INFORMATION_FORMAT = "dwarf-with-dsym";
				ENABLE_NS_ASSERTIONS = NO;
				ENABLE_STRICT_OBJC_MSGSEND = YES;
				GCC_C_LANGUAGE_STANDARD = gnu99;
				GCC_NO_COMMON_BLOCKS = YES;
				GCC_WARN_64_TO_32_BIT_CONVERSION = YES;
				GCC_WARN_ABOUT_RETURN_TYPE = YES_ERROR;
				GCC_WARN_UNDECLARED_SELECTOR = YES;
				GCC_WARN_UNINITIALIZED_AUTOS = YES_AGGRESSIVE;
				GCC_WARN_UNUSED_FUNCTION = YES;
				GCC_WARN_UNUSED_VARIABLE = YES;
				IPHONEOS_DEPLOYMENT_TARGET = 9.0;
				MTL_ENABLE_DEBUG_INFO = NO;
				SDKROOT = iphoneos;
				VALIDATE_PRODUCT = YES;
			};
			name = Release;
		};
		35E42E2A1BCD288100D1D93B /* Debug */ = {
			isa = XCBuildConfiguration;
			baseConfigurationReference = 1D478A7876AB77AE39271F2A /* Pods.debug.xcconfig */;
			buildSettings = {
				ASSETCATALOG_COMPILER_APPICON_NAME = AppIcon;
				INFOPLIST_FILE = testHTTP/Info.plist;
				IPHONEOS_DEPLOYMENT_TARGET = 9.0;
				LD_RUNPATH_SEARCH_PATHS = "$(inherited) @executable_path/Frameworks";
				PRODUCT_BUNDLE_IDENTIFIER = zhaolei.testHTTP;
				PRODUCT_NAME = "$(TARGET_NAME)";
				USER_HEADER_SEARCH_PATHS = "${SRCROOT}/**";
			};
			name = Debug;
		};
		35E42E2B1BCD288100D1D93B /* Release */ = {
			isa = XCBuildConfiguration;
			baseConfigurationReference = 813FFF01C7405AE34985E5D1 /* Pods.release.xcconfig */;
			buildSettings = {
				ASSETCATALOG_COMPILER_APPICON_NAME = AppIcon;
				INFOPLIST_FILE = testHTTP/Info.plist;
				IPHONEOS_DEPLOYMENT_TARGET = 9.0;
				LD_RUNPATH_SEARCH_PATHS = "$(inherited) @executable_path/Frameworks";
				PRODUCT_BUNDLE_IDENTIFIER = zhaolei.testHTTP;
				PRODUCT_NAME = "$(TARGET_NAME)";
				USER_HEADER_SEARCH_PATHS = "${SRCROOT}/**";
			};
			name = Release;
		};
		35E42E2D1BCD288100D1D93B /* Debug */ = {
			isa = XCBuildConfiguration;
			buildSettings = {
				BUNDLE_LOADER = "$(TEST_HOST)";
				INFOPLIST_FILE = testHTTPTests/Info.plist;
				LD_RUNPATH_SEARCH_PATHS = "$(inherited) @executable_path/Frameworks @loader_path/Frameworks";
				PRODUCT_BUNDLE_IDENTIFIER = zhaolei.testHTTPTests;
				PRODUCT_NAME = "$(TARGET_NAME)";
				TEST_HOST = "$(BUILT_PRODUCTS_DIR)/testHTTP.app/testHTTP";
			};
			name = Debug;
		};
		35E42E2E1BCD288100D1D93B /* Release */ = {
			isa = XCBuildConfiguration;
			buildSettings = {
				BUNDLE_LOADER = "$(TEST_HOST)";
				INFOPLIST_FILE = testHTTPTests/Info.plist;
				LD_RUNPATH_SEARCH_PATHS = "$(inherited) @executable_path/Frameworks @loader_path/Frameworks";
				PRODUCT_BUNDLE_IDENTIFIER = zhaolei.testHTTPTests;
				PRODUCT_NAME = "$(TARGET_NAME)";
				TEST_HOST = "$(BUILT_PRODUCTS_DIR)/testHTTP.app/testHTTP";
			};
			name = Release;
		};
		35E42E301BCD288100D1D93B /* Debug */ = {
			isa = XCBuildConfiguration;
			buildSettings = {
				INFOPLIST_FILE = testHTTPUITests/Info.plist;
				LD_RUNPATH_SEARCH_PATHS = "$(inherited) @executable_path/Frameworks @loader_path/Frameworks";
				PRODUCT_BUNDLE_IDENTIFIER = zhaolei.testHTTPUITests;
				PRODUCT_NAME = "$(TARGET_NAME)";
				TEST_TARGET_NAME = testHTTP;
				USES_XCTRUNNER = YES;
			};
			name = Debug;
		};
		35E42E311BCD288100D1D93B /* Release */ = {
			isa = XCBuildConfiguration;
			buildSettings = {
				INFOPLIST_FILE = testHTTPUITests/Info.plist;
				LD_RUNPATH_SEARCH_PATHS = "$(inherited) @executable_path/Frameworks @loader_path/Frameworks";
				PRODUCT_BUNDLE_IDENTIFIER = zhaolei.testHTTPUITests;
				PRODUCT_NAME = "$(TARGET_NAME)";
				TEST_TARGET_NAME = testHTTP;
				USES_XCTRUNNER = YES;
			};
			name = Release;
		};
/* End XCBuildConfiguration section */

/* Begin XCConfigurationList section */
		35E42DFC1BCD288100D1D93B /* Build configuration list for PBXProject "testHTTP" */ = {
			isa = XCConfigurationList;
			buildConfigurations = (
				35E42E271BCD288100D1D93B /* Debug */,
				35E42E281BCD288100D1D93B /* Release */,
			);
			defaultConfigurationIsVisible = 0;
			defaultConfigurationName = Release;
		};
		35E42E291BCD288100D1D93B /* Build configuration list for PBXNativeTarget "testHTTP" */ = {
			isa = XCConfigurationList;
			buildConfigurations = (
				35E42E2A1BCD288100D1D93B /* Debug */,
				35E42E2B1BCD288100D1D93B /* Release */,
			);
			defaultConfigurationIsVisible = 0;
			defaultConfigurationName = Release;
		};
		35E42E2C1BCD288100D1D93B /* Build configuration list for PBXNativeTarget "testHTTPTests" */ = {
			isa = XCConfigurationList;
			buildConfigurations = (
				35E42E2D1BCD288100D1D93B /* Debug */,
				35E42E2E1BCD288100D1D93B /* Release */,
			);
			defaultConfigurationIsVisible = 0;
			defaultConfigurationName = Release;
		};
		35E42E2F1BCD288100D1D93B /* Build configuration list for PBXNativeTarget "testHTTPUITests" */ = {
			isa = XCConfigurationList;
			buildConfigurations = (
				35E42E301BCD288100D1D93B /* Debug */,
				35E42E311BCD288100D1D93B /* Release */,
			);
			defaultConfigurationIsVisible = 0;
			defaultConfigurationName = Release;
		};
/* End XCConfigurationList section */
	};
	rootObject = 35E42DF91BCD288100D1D93B /* Project object */;
}
